
Microsoft Visual Studio Solution File, Format Version 12.00
# Visual Studio Version 17
VisualStudioVersion = 17.5.33516.290
MinimumVisualStudioVersion = 10.0.40219.1
Project("{FAE04EC0-301F-11D3-BF4B-00C04F79EFBC}") = "net-calculator-tester", "net-calculator-tester\net-calculator-tester.csproj", "{32A31AA2-A2A7-4A01-A022-3AD76DF02C51}"
EndProject
Project("{FAE04EC0-301F-11D3-BF4B-00C04F79EFBC}") = "net-calculator-testerTest", "net-calculator-testerTest\net-calculator-testerTest.csproj", "{7B352FC5-35F6-47C1-BB18-F2796A115C0A}"
EndProject
Global
	GlobalSection(SolutionConfigurationPlatforms) = preSolution
		Debug|Any CPU = Debug|Any CPU
		Release|Any CPU = Release|Any CPU
	EndGlobalSection
	GlobalSection(ProjectConfigurationPlatforms) = postSolution
		{32A31AA2-A2A7-4A01-A022-3AD76DF02C51}.Debug|Any CPU.ActiveCfg = Debug|Any CPU
		{32A31AA2-A2A7-4A01-A022-3AD76DF02C51}.Debug|Any CPU.Build.0 = Debug|Any CPU
		{32A31AA2-A2A7-4A01-A022-3AD76DF02C51}.Release|Any CPU.ActiveCfg = Release|Any CPU
		{32A31AA2-A2A7-4A01-A022-3AD76DF02C51}.Release|Any CPU.Build.0 = Release|Any CPU
		{7B352FC5-35F6-47C1-BB18-F2796A115C0A}.Debug|Any CPU.ActiveCfg = Debug|Any CPU
		{7B352FC5-35F6-47C1-BB18-F2796A115C0A}.Debug|Any CPU.Build.0 = Debug|Any CPU
		{7B352FC5-35F6-47C1-BB18-F2796A115C0A}.Release|Any CPU.ActiveCfg = Release|Any CPU
		{7B352FC5-35F6-47C1-BB18-F2796A115C0A}.Release|Any CPU.Build.0 = Release|Any CPU
	EndGlobalSection
	GlobalSection(SolutionProperties) = preSolution
		HideSolutionNode = FALSE
	EndGlobalSection
	GlobalSection(ExtensibilityGlobals) = postSolution
		SolutionGuid = {76E15E22-D203-43AE-A273-8CD0D18E7BBC}
	EndGlobalSection
EndGlobal
